{
  "version": 4,
  "terraform_version": "1.2.4",
  "serial": 7,
  "lineage": "3fc277b2-9602-505a-cc79-108655922029",
  "outputs": {
    "vnet_id": {
      "value": "/subscriptions/f32c4571-a6ee-4585-9459-6f051aabdb50/resourceGroups/nde-main-vnet/providers/Microsoft.Network/virtualNetworks/nde-main-vnet",
      "type": "string"
    }
  },
  "resources": [
    {
      "mode": "managed",
      "type": "azurerm_resource_group",
      "name": "vnet_main",
      "provider": "provider[\"registry.terraform.io/hashicorp/azurerm\"]",
      "instances": [
        {
          "schema_version": 0,
          "attributes": {
            "id": "/subscriptions/f32c4571-a6ee-4585-9459-6f051aabdb50/resourceGroups/nde-main-vnet",
            "location": "eastus",
            "name": "nde-main-vnet",
            "tags": {},
            "timeouts": null
          },
          "sensitive_attributes": [],
          "private": "eyJlMmJmYjczMC1lY2FhLTExZTYtOGY4OC0zNDM2M2JjN2M0YzAiOnsiY3JlYXRlIjo1NDAwMDAwMDAwMDAwLCJkZWxldGUiOjU0MDAwMDAwMDAwMDAsInJlYWQiOjMwMDAwMDAwMDAwMCwidXBkYXRlIjo1NDAwMDAwMDAwMDAwfX0="
        }
      ]
    },
    {
      "module": "module.vnet-main",
      "mode": "data",
      "type": "azurerm_resource_group",
      "name": "vnet",
      "provider": "provider[\"registry.terraform.io/hashicorp/azurerm\"]",
      "instances": [
        {
          "schema_version": 0,
          "attributes": {
            "id": "/subscriptions/f32c4571-a6ee-4585-9459-6f051aabdb50/resourceGroups/nde-main-vnet",
            "location": "eastus",
            "name": "nde-main-vnet",
            "tags": {},
            "timeouts": null
          },
          "sensitive_attributes": []
        }
      ]
    },
    {
      "module": "module.vnet-main",
      "mode": "managed",
      "type": "azurerm_subnet",
      "name": "subnet",
      "provider": "provider[\"registry.terraform.io/hashicorp/azurerm\"]",
      "instances": [
        {
          "index_key": 0,
          "schema_version": 0,
          "attributes": {
            "address_prefix": "10.0.0.0/24",
            "address_prefixes": [
              "10.0.0.0/24"
            ],
            "delegation": [],
            "enforce_private_link_endpoint_network_policies": false,
            "enforce_private_link_service_network_policies": false,
            "id": "/subscriptions/f32c4571-a6ee-4585-9459-6f051aabdb50/resourceGroups/nde-main-vnet/providers/Microsoft.Network/virtualNetworks/nde-main-vnet/subnets/web",
            "name": "web",
            "resource_group_name": "nde-main-vnet",
            "service_endpoint_policy_ids": [],
            "service_endpoints": [],
            "timeouts": null,
            "virtual_network_name": "nde-main-vnet"
          },
          "sensitive_attributes": [],
          "private": "eyJlMmJmYjczMC1lY2FhLTExZTYtOGY4OC0zNDM2M2JjN2M0YzAiOnsiY3JlYXRlIjoxODAwMDAwMDAwMDAwLCJkZWxldGUiOjE4MDAwMDAwMDAwMDAsInJlYWQiOjMwMDAwMDAwMDAwMCwidXBkYXRlIjoxODAwMDAwMDAwMDAwfX0=",
          "dependencies": [
            "azurerm_resource_group.vnet_main",
            "module.vnet-main.azurerm_virtual_network.vnet",
            "module.vnet-main.data.azurerm_resource_group.vnet"
          ]
        },
        {
          "index_key": 1,
          "schema_version": 0,
          "attributes": {
            "address_prefix": "10.0.1.0/24",
            "address_prefixes": [
              "10.0.1.0/24"
            ],
            "delegation": [],
            "enforce_private_link_endpoint_network_policies": false,
            "enforce_private_link_service_network_policies": false,
            "id": "/subscriptions/f32c4571-a6ee-4585-9459-6f051aabdb50/resourceGroups/nde-main-vnet/providers/Microsoft.Network/virtualNetworks/nde-main-vnet/subnets/database",
            "name": "database",
            "resource_group_name": "nde-main-vnet",
            "service_endpoint_policy_ids": [],
            "service_endpoints": [],
            "timeouts": null,
            "virtual_network_name": "nde-main-vnet"
          },
          "sensitive_attributes": [],
          "private": "eyJlMmJmYjczMC1lY2FhLTExZTYtOGY4OC0zNDM2M2JjN2M0YzAiOnsiY3JlYXRlIjoxODAwMDAwMDAwMDAwLCJkZWxldGUiOjE4MDAwMDAwMDAwMDAsInJlYWQiOjMwMDAwMDAwMDAwMCwidXBkYXRlIjoxODAwMDAwMDAwMDAwfX0=",
          "dependencies": [
            "azurerm_resource_group.vnet_main",
            "module.vnet-main.azurerm_virtual_network.vnet",
            "module.vnet-main.data.azurerm_resource_group.vnet"
          ]
        }
      ]
    },
    {
      "module": "module.vnet-main",
      "mode": "managed",
      "type": "azurerm_virtual_network",
      "name": "vnet",
      "provider": "provider[\"registry.terraform.io/hashicorp/azurerm\"]",
      "instances": [
        {
          "schema_version": 0,
          "attributes": {
            "address_space": [
              "10.0.0.0/16"
            ],
            "bgp_community": "",
            "ddos_protection_plan": [],
            "dns_servers": [],
            "flow_timeout_in_minutes": 0,
            "guid": "b1e8bdc6-4854-4ff0-90a1-cb53fabc6715",
            "id": "/subscriptions/f32c4571-a6ee-4585-9459-6f051aabdb50/resourceGroups/nde-main-vnet/providers/Microsoft.Network/virtualNetworks/nde-main-vnet",
            "location": "eastus",
            "name": "nde-main-vnet",
            "resource_group_name": "nde-main-vnet",
            "subnet": [
              {
                "address_prefix": "10.0.0.0/24",
                "id": "/subscriptions/f32c4571-a6ee-4585-9459-6f051aabdb50/resourceGroups/nde-main-vnet/providers/Microsoft.Network/virtualNetworks/nde-main-vnet/subnets/web",
                "name": "web",
                "security_group": ""
              },
              {
                "address_prefix": "10.0.1.0/24",
                "id": "/subscriptions/f32c4571-a6ee-4585-9459-6f051aabdb50/resourceGroups/nde-main-vnet/providers/Microsoft.Network/virtualNetworks/nde-main-vnet/subnets/database",
                "name": "database",
                "security_group": ""
              }
            ],
            "tags": {
              "costcenter": "it",
              "environment": "dev"
            },
            "timeouts": null,
            "vm_protection_enabled": false
          },
          "sensitive_attributes": [],
          "private": "eyJlMmJmYjczMC1lY2FhLTExZTYtOGY4OC0zNDM2M2JjN2M0YzAiOnsiY3JlYXRlIjoxODAwMDAwMDAwMDAwLCJkZWxldGUiOjE4MDAwMDAwMDAwMDAsInJlYWQiOjMwMDAwMDAwMDAwMCwidXBkYXRlIjoxODAwMDAwMDAwMDAwfX0=",
          "dependencies": [
            "azurerm_resource_group.vnet_main",
            "module.vnet-main.data.azurerm_resource_group.vnet"
          ]
        }
      ]
    }
  ]
}
